
Microsoft Visual Studio Solution File, Format Version 12.00
# Visual Studio Version 16
VisualStudioVersion = 16.0.30128.74
MinimumVisualStudioVersion = 10.0.40219.1
Project("{FAE04EC0-301F-11D3-BF4B-00C04F79EFBC}") = "WordleSolver", "WordleSolver\WordleSolver.csproj", "{B3D03E75-91B0-4276-8D93-BB063B5E6E9A}"
EndProject
Global
	GlobalSection(SolutionConfigurationPlatforms) = preSolution
		Debug|Any CPU = Debug|Any CPU
		Release|Any CPU = Release|Any CPU
	EndGlobalSection
	GlobalSection(ProjectConfigurationPlatforms) = postSolution
		{B3D03E75-91B0-4276-8D93-BB063B5E6E9A}.Debug|Any CPU.ActiveCfg = Debug|Any CPU
		{B3D03E75-91B0-4276-8D93-BB063B5E6E9A}.Debug|Any CPU.Build.0 = Debug|Any CPU
		{B3D03E75-91B0-4276-8D93-BB063B5E6E9A}.Release|Any CPU.ActiveCfg = Release|Any CPU
		{B3D03E75-91B0-4276-8D93-BB063B5E6E9A}.Release|Any CPU.Build.0 = Release|Any CPU
	EndGlobalSection
	GlobalSection(SolutionProperties) = preSolution
		HideSolutionNode = FALSE
	EndGlobalSection
	GlobalSection(ExtensibilityGlobals) = postSolution
		SolutionGuid = {BC7B64F5-CF31-476C-B071-9CEBFAC2005B}
	EndGlobalSection
EndGlobal
